{
 "graph_lock": {
  "nodes": {
   "0": {
    "options": "boost:asio_no_deprecated=False\nboost:buildid=None\nboost:bzip2=True\nboost:debug_level=0\nboost:diagnostic_definitions=False\nboost:error_code_header_only=False\nboost:extra_b2_flags=None\nboost:filesystem_no_deprecated=False\nboost:header_only=False\nboost:i18n_backend=deprecated\nboost:i18n_backend_iconv=libc\nboost:i18n_backend_icu=False\nboost:layout=system\nboost:lzma=False\nboost:magic_autolink=False\nboost:multithreading=True\nboost:namespace=boost\nboost:namespace_alias=False\nboost:numa=True\nboost:pch=True\nboost:python_executable=None\nboost:python_version=None\nboost:segmented_stacks=False\nboost:shared=True\nboost:system_no_deprecated=False\nboost:visibility=hidden\nboost:without_atomic=False\nboost:without_chrono=False\nboost:without_container=False\nboost:without_context=False\nboost:without_contract=False\nboost:without_coroutine=False\nboost:without_date_time=False\nboost:without_exception=False\nboost:without_fiber=False\nboost:without_filesystem=False\nboost:without_graph=False\nboost:without_graph_parallel=True\nboost:without_iostreams=False\nboost:without_json=False\nboost:without_locale=False\nboost:without_log=False\nboost:without_math=False\nboost:without_mpi=True\nboost:without_nowide=False\nboost:without_program_options=False\nboost:without_python=True\nboost:without_random=False\nboost:without_regex=False\nboost:without_serialization=False\nboost:without_stacktrace=True\nboost:without_system=False\nboost:without_test=False\nboost:without_thread=False\nboost:without_timer=False\nboost:without_type_erasure=False\nboost:without_wave=False\nboost:zlib=True\nboost:zstd=False\nbzip2:build_executable=True\nbzip2:shared=True\ncatch2:with_main=False\nfmt:header_only=False\nfmt:shared=True\nfmt:with_fmt_alias=False\nfmt:with_os_api=True\npcg-cpp:revision=726e919c2dd22a3cdaccb0674c5422ab4fa7a216\nyaml-cpp:shared=True\nzlib:minizip=deprecated\nzlib:shared=True",
    "requires": [
     "1",
     "4",
     "5",
     "6",
     "7",
     "8",
     "9",
     "10",
     "11",
     "12",
     "13",
     "14",
     "15"
    ],
    "build_requires": [
     "17",
     "19"
    ],
    "path": "../conanfile.txt",
    "context": "host"
   },
   "1": {
    "ref": "boost/1.77.0#840fe26dafacf9525e5917d03de2edd0",
    "options": "asio_no_deprecated=False\nbuildid=None\nbzip2=True\ndebug_level=0\ndiagnostic_definitions=False\nerror_code_header_only=False\nextra_b2_flags=None\nfilesystem_no_deprecated=False\nheader_only=False\ni18n_backend=deprecated\ni18n_backend_iconv=libc\ni18n_backend_icu=False\nlayout=system\nlzma=False\nmagic_autolink=False\nmultithreading=True\nnamespace=boost\nnamespace_alias=False\nnuma=True\npch=True\npython_executable=None\npython_version=None\nsegmented_stacks=False\nshared=True\nsystem_no_deprecated=False\nvisibility=hidden\nwithout_atomic=False\nwithout_chrono=False\nwithout_container=False\nwithout_context=False\nwithout_contract=False\nwithout_coroutine=False\nwithout_date_time=False\nwithout_exception=False\nwithout_fiber=False\nwithout_filesystem=False\nwithout_graph=False\nwithout_graph_parallel=True\nwithout_iostreams=False\nwithout_json=False\nwithout_locale=False\nwithout_log=False\nwithout_math=False\nwithout_mpi=True\nwithout_nowide=False\nwithout_program_options=False\nwithout_python=True\nwithout_random=False\nwithout_regex=False\nwithout_serialization=False\nwithout_stacktrace=True\nwithout_system=False\nwithout_test=False\nwithout_thread=False\nwithout_timer=False\nwithout_type_erasure=False\nwithout_wave=False\nzlib=True\nzstd=False\nbzip2:build_executable=True\nbzip2:shared=True\nzlib:minizip=deprecated\nzlib:shared=True",
    "package_id": "88d867303753fe6e9c0ee99fb3cf8047536ce25b",
    "prev": "83c9d35bb6f93f7d262c3d57c68c2302",
    "modified": true,
    "requires": [
     "2",
     "3"
    ],
    "build_requires": [
     "16"
    ],
    "context": "host"
   },
   "2": {
    "ref": "zlib/1.2.11#b3eaf63da20a8606f3d84602c2cfa854",
    "options": "minizip=deprecated\nshared=True",
    "package_id": "323eae4e1a804669bfea9d96feda948b70cdddbb",
    "prev": "55b24b8a163a440d0f9a30ca52ffc1fd",
    "modified": true,
    "context": "host"
   },
   "3": {
    "ref": "bzip2/1.0.8#9c8b632000a52af5af3f045d3a6db12f",
    "options": "build_executable=True\nshared=True",
    "package_id": "e4af810ab5dcd971115ec75271039c536cef9594",
    "prev": "3e97b0de290a7a4e86c0d6ca43472aa6",
    "modified": true,
    "context": "host"
   },
   "4": {
    "ref": "fmt/8.0.1#a5a28fc13037de5e390f44c2304bd6ba",
    "options": "header_only=False\nshared=True\nwith_fmt_alias=False\nwith_os_api=True",
    "package_id": "1fb3d225c262d8f26e9aae5c9b246c1689074dfc",
    "prev": "3eaf4692a2e0eaacbe4eb442050f7c09",
    "modified": true,
    "context": "host"
   },
   "5": {
    "ref": "gsl-lite/0.38.1@signal9/stable#0",
    "options": "",
    "package_id": "e3eb1e38e2b504e232268986aebcf5fce9a808d7",
    "prev": "1fecd863405c3af3541ab5e6ed3ccf10",
    "modified": true,
    "context": "host"
   },
   "6": {
    "ref": "range-v3/0.12.0-pre1#0719e4e965cf57e39c2720d00d45ee44",
    "options": "",
    "package_id": "5ab84d6acfe1f23c4fae0ab88f26e3a396351ac9",
    "prev": "1ddf2592c91eaf53aac4f710504a35fc",
    "context": "host"
   },
   "7": {
    "ref": "yaml-cpp/0.7.0#64a77e2af6be52e0380a53ee74c699a1",
    "options": "shared=True",
    "package_id": "2548e9f958a6ef0ecb98d714f27174df26345d01",
    "prev": "85035cf70f89f69710340ee2806cf101",
    "modified": true,
    "context": "host"
   },
   "8": {
    "ref": "pcg-cpp/0.98.1@signal9/stable#0",
    "options": "revision=726e919c2dd22a3cdaccb0674c5422ab4fa7a216",
    "package_id": "350f06990f22b512fe2c38999e5b3d033e0ad3ad",
    "prev": "322a8199ca78c6f0543fb7e0fa68cff1",
    "context": "host"
   },
   "9": {
    "ref": "trompeloeil/41#1ab56db2ed5f5a759c0ec7f94a02a246",
    "options": "",
    "package_id": "5ab84d6acfe1f23c4fae0ab88f26e3a396351ac9",
    "prev": "405709afa8c3837624fb03198e615835",
    "context": "host"
   },
   "10": {
    "ref": "indicators/2.2#232370f5b4d4df3ce30bde27ef82951d",
    "options": "",
    "package_id": "5ab84d6acfe1f23c4fae0ab88f26e3a396351ac9",
    "prev": "ff76169a877104f2feb3f06792365611",
    "context": "host"
   },
   "11": {
    "ref": "readerwriterqueue/1.0.5#4232c2ff826eb41e33d8ad8efd3c4c4c",
    "options": "",
    "package_id": "5ab84d6acfe1f23c4fae0ab88f26e3a396351ac9",
    "prev": "d0e9eabc8bcf3fe5b2c5702639d9ca35",
    "context": "host"
   },
   "12": {
    "ref": "cli11/2.1.1#572b9253141a7275c2be087aa7c1a344",
    "options": "",
    "package_id": "5ab84d6acfe1f23c4fae0ab88f26e3a396351ac9",
    "prev": "f5dbcea7359138209eb0520d1c9a8444",
    "context": "host"
   },
   "13": {
    "ref": "nlohmann_json/3.10.4#15c958694f8ab49724389f600c56569f",
    "options": "",
    "package_id": "5ab84d6acfe1f23c4fae0ab88f26e3a396351ac9",
    "prev": "181b607011f5ddc138611fb3d1499779",
    "context": "host"
   },
   "14": {
    "ref": "catch2/2.13.7#ea01d129f9e531d7d43bf922de4e1813",
    "options": "with_main=False",
    "package_id": "5ab84d6acfe1f23c4fae0ab88f26e3a396351ac9",
    "prev": "a5f5a64c480d2be0fcc2c1e0a1bf444a",
    "context": "host"
   },
   "15": {
    "ref": "nanobench/4.3.6#4fc2d1fafa825e50bd3ff08214295169",
    "options": "",
    "package_id": "5ab84d6acfe1f23c4fae0ab88f26e3a396351ac9",
    "prev": "d2f39b526a4616676fd2aaad62c1f0c2",
    "context": "host"
   },
   "16": {
    "ref": "b2/4.5.0#97a0cce604776509ec55e787d194040f",
    "options": "toolset=auto\nuse_cxx_env=False",
    "package_id": "4db1be536558d833e52e862fd84d64d75c2b3656",
    "prev": "e358659eac96f8594549088f00add836",
    "context": "host"
   },
   "17": {
    "ref": "meson/0.60.0#b98d6aee3666deadebfb256eebbba4a9",
    "options": "",
    "package_id": "5ab84d6acfe1f23c4fae0ab88f26e3a396351ac9",
    "prev": "77c3454b78333d5d5cb41a63d3e6be70",
    "requires": [
     "18"
    ],
    "context": "host"
   },
   "18": {
    "ref": "ninja/1.10.2#0ed34363d5683eb57a22bd2ccd7b62fc",
    "options": "",
    "package_id": "24647d9fe8ec489125dfbae4b3ebefaf7581674c",
    "prev": "4d1bb64a438fff596e46919a9dcb929d",
    "context": "host"
   },
   "19": {
    "ref": "ragel/6.10#0af6e8774e2ce8c6e54a37cd34bd4e63",
    "options": "",
    "package_id": "4db1be536558d833e52e862fd84d64d75c2b3656",
    "prev": "ba9acaa060a7eb1f3b44ab1279028c27",
    "context": "host"
   }
  },
  "revisions_enabled": true
 },
 "version": "0.4",
 "profile_host": "[settings]\narch=x86_64\narch_build=x86_64\nbuild_type=Release\ncompiler=clang\ncompiler.libcxx=libc++\ncompiler.version=14\nos=Linux\nos_build=Linux\n[options]\n*:shared=True\n[build_requires]\n[env]\n"
}