{
 "graph_lock": {
  "nodes": {
   "0": {
    "options": "boost:asio_no_deprecated=False\nboost:buildid=None\nboost:bzip2=True\nboost:debug_level=0\nboost:diagnostic_definitions=False\nboost:error_code_header_only=False\nboost:extra_b2_flags=None\nboost:filesystem_no_deprecated=False\nboost:header_only=False\nboost:i18n_backend=deprecated\nboost:i18n_backend_iconv=libc\nboost:i18n_backend_icu=False\nboost:layout=system\nboost:lzma=False\nboost:magic_autolink=False\nboost:multithreading=True\nboost:namespace=boost\nboost:namespace_alias=False\nboost:numa=True\nboost:pch=True\nboost:python_executable=None\nboost:python_version=None\nboost:segmented_stacks=False\nboost:shared=True\nboost:system_no_deprecated=False\nboost:visibility=hidden\nboost:without_atomic=False\nboost:without_chrono=False\nboost:without_container=False\nboost:without_context=False\nboost:without_contract=False\nboost:without_coroutine=False\nboost:without_date_time=False\nboost:without_exception=False\nboost:without_fiber=False\nboost:without_filesystem=False\nboost:without_graph=False\nboost:without_graph_parallel=True\nboost:without_iostreams=False\nboost:without_json=False\nboost:without_locale=False\nboost:without_log=False\nboost:without_math=False\nboost:without_mpi=True\nboost:without_nowide=False\nboost:without_program_options=False\nboost:without_python=True\nboost:without_random=False\nboost:without_regex=False\nboost:without_serialization=False\nboost:without_stacktrace=True\nboost:without_system=False\nboost:without_test=False\nboost:without_thread=False\nboost:without_timer=False\nboost:without_type_erasure=False\nboost:without_wave=False\nboost:zlib=True\nboost:zstd=False\nbzip2:build_executable=True\nbzip2:shared=True\nfmt:header_only=False\nfmt:shared=True\nfmt:with_fmt_alias=False\nfmt:with_os_api=True\npcg-cpp:revision=726e919c2dd22a3cdaccb0674c5422ab4fa7a216\nyaml-cpp:shared=True\nzlib:minizip=deprecated\nzlib:shared=True",
    "requires": [
     "1",
     "4",
     "5",
     "6",
     "7",
     "8",
     "9",
     "10",
     "11",
     "12",
     "13"
    ],
    "build_requires": [
     "15",
     "17"
    ],
    "path": "../conanfile.txt",
    "context": "host"
   },
   "1": {
    "ref": "boost/1.76.0#b0a65ab84c8f2d25e23e217ef1d283c0",
    "options": "asio_no_deprecated=False\nbuildid=None\nbzip2=True\ndebug_level=0\ndiagnostic_definitions=False\nerror_code_header_only=False\nextra_b2_flags=None\nfilesystem_no_deprecated=False\nheader_only=False\ni18n_backend=deprecated\ni18n_backend_iconv=libc\ni18n_backend_icu=False\nlayout=system\nlzma=False\nmagic_autolink=False\nmultithreading=True\nnamespace=boost\nnamespace_alias=False\nnuma=True\npch=True\npython_executable=None\npython_version=None\nsegmented_stacks=False\nshared=True\nsystem_no_deprecated=False\nvisibility=hidden\nwithout_atomic=False\nwithout_chrono=False\nwithout_container=False\nwithout_context=False\nwithout_contract=False\nwithout_coroutine=False\nwithout_date_time=False\nwithout_exception=False\nwithout_fiber=False\nwithout_filesystem=False\nwithout_graph=False\nwithout_graph_parallel=True\nwithout_iostreams=False\nwithout_json=False\nwithout_locale=False\nwithout_log=False\nwithout_math=False\nwithout_mpi=True\nwithout_nowide=False\nwithout_program_options=False\nwithout_python=True\nwithout_random=False\nwithout_regex=False\nwithout_serialization=False\nwithout_stacktrace=True\nwithout_system=False\nwithout_test=False\nwithout_thread=False\nwithout_timer=False\nwithout_type_erasure=False\nwithout_wave=False\nzlib=True\nzstd=False\nbzip2:build_executable=True\nbzip2:shared=True\nzlib:minizip=deprecated\nzlib:shared=True",
    "package_id": "8acc0fb8ae0a5deee8ea413a13751c4a0fbf4823",
    "modified": true,
    "requires": [
     "2",
     "3"
    ],
    "build_requires": [
     "14"
    ],
    "context": "host"
   },
   "2": {
    "ref": "zlib/1.2.11#08c5163c8e302d1482d8fa2be93736af",
    "options": "minizip=deprecated\nshared=True",
    "package_id": "c4e0fbaccfc6985428b092ccc7aa4bcd74617546",
    "context": "host"
   },
   "3": {
    "ref": "bzip2/1.0.8#9c8b632000a52af5af3f045d3a6db12f",
    "options": "build_executable=True\nshared=True",
    "package_id": "69833d9e601a218c1fa3681e314f290461a8ffe2",
    "context": "host"
   },
   "4": {
    "ref": "fmt/7.1.3#47942581d0440d7158085584dcde49cf",
    "options": "header_only=False\nshared=True\nwith_fmt_alias=False\nwith_os_api=True",
    "package_id": "d4e9c4f02b4f03edf5a640dcd22779727d782e79",
    "context": "host"
   },
   "5": {
    "ref": "gsl-lite/0.38.1@signal9/stable#0",
    "options": "",
    "package_id": "4437048a260c8e02ee9fb8bc91d56e404a2c3d54",
    "context": "host"
   },
   "6": {
    "ref": "range-v3/0.11.0#3d9c40b986892850b9936f22cbd819d2",
    "options": "",
    "package_id": "5ab84d6acfe1f23c4fae0ab88f26e3a396351ac9",
    "context": "host"
   },
   "7": {
    "ref": "yaml-cpp/0.6.3#625f8cd983815ae27ba84a37fc9ab7fc",
    "options": "shared=True",
    "package_id": "76c3c4eb7f33ef2efcaa668247a38c0d3695a614",
    "context": "host"
   },
   "8": {
    "ref": "pcg-cpp/0.98.1@signal9/stable#0",
    "options": "revision=726e919c2dd22a3cdaccb0674c5422ab4fa7a216",
    "package_id": "350f06990f22b512fe2c38999e5b3d033e0ad3ad",
    "context": "host"
   },
   "9": {
    "ref": "trompeloeil/40#546a0ffbbd5ab8beeae20b6d7ce50375",
    "options": "",
    "package_id": "5ab84d6acfe1f23c4fae0ab88f26e3a396351ac9",
    "context": "host"
   },
   "10": {
    "ref": "indicators/2.0#2db1eb3766a07ad431022ba38807bf6f",
    "options": "",
    "package_id": "5ab84d6acfe1f23c4fae0ab88f26e3a396351ac9",
    "context": "host"
   },
   "11": {
    "ref": "readerwriterqueue/1.0.3#c0c0682507af5b248cf30b35d2535427",
    "options": "",
    "package_id": "5ab84d6acfe1f23c4fae0ab88f26e3a396351ac9",
    "context": "host"
   },
   "12": {
    "ref": "boost-ext-ut/1.1.8#36afb7783bd66b46de919a5f5cf802cf",
    "options": "",
    "package_id": "5ab84d6acfe1f23c4fae0ab88f26e3a396351ac9",
    "context": "host"
   },
   "13": {
    "ref": "cli11/2.0.0#5e00d10dd9cf5a9aa4fcb0b2e83684f3",
    "options": "",
    "package_id": "5ab84d6acfe1f23c4fae0ab88f26e3a396351ac9",
    "context": "host"
   },
   "14": {
    "ref": "b2/4.5.0#7f91187aaed30028533811db8933f681",
    "options": "toolset=auto\nuse_cxx_env=False",
    "package_id": "4db1be536558d833e52e862fd84d64d75c2b3656",
    "context": "host"
   },
   "15": {
    "ref": "meson/0.58.0#2219dca8f7b09559ac8e5300c9f69efe",
    "options": "",
    "package_id": "5ab84d6acfe1f23c4fae0ab88f26e3a396351ac9",
    "requires": [
     "16"
    ],
    "context": "host"
   },
   "16": {
    "ref": "ninja/1.10.2#0ed34363d5683eb57a22bd2ccd7b62fc",
    "options": "",
    "package_id": "24647d9fe8ec489125dfbae4b3ebefaf7581674c",
    "context": "host"
   },
   "17": {
    "ref": "ragel/6.10#0af6e8774e2ce8c6e54a37cd34bd4e63",
    "options": "",
    "package_id": "4db1be536558d833e52e862fd84d64d75c2b3656",
    "context": "host"
   }
  },
  "revisions_enabled": true
 },
 "version": "0.4",
 "profile_host": "[settings]\narch=x86_64\narch_build=x86_64\nbuild_type=Release\ncompiler=clang\ncompiler.libcxx=libc++\ncompiler.version=12\nos=Linux\nos_build=Linux\n[options]\n*:shared=True\n[build_requires]\n[env]\n"
}
